
Microsoft Visual Studio Solution File, Format Version 12.00
# Visual Studio Version 17
VisualStudioVersion = 17.13.35931.197
MinimumVisualStudioVersion = 10.0.40219.1
Project("{FAE04EC0-301F-11D3-BF4B-00C04F79EFBC}") = "CipherPlayground.Library", "CipherPlayground.Library\CipherPlayground.Library.csproj", "{B1F07CF3-2405-4E16-88CA-8E8A0BB5D762}"
EndProject
Project("{FAE04EC0-301F-11D3-BF4B-00C04F79EFBC}") = "CipherPlayground.CLI", "CipherPlayground.CLI\CipherPlayground.CLI.csproj", "{2C15D03B-92F7-48D3-8CDC-20F6F074F171}"
EndProject
Project("{FAE04EC0-301F-11D3-BF4B-00C04F79EFBC}") = "CipherPlayground.API", "CipherPlayground.API\CipherPlayground.API.csproj", "{CB8CFFCB-A800-4F6B-957F-0EA3E5DD8BB8}"
EndProject
Project("{888888A0-9F3D-457C-B088-3A5042F75D52}") = "PythonCLI", "PythonCLI\PythonCLI.pyproj", "{8CFB46D9-5F76-4D88-B826-F9256B7396A7}"
EndProject
Project("{FAE04EC0-301F-11D3-BF4B-00C04F79EFBC}") = "CipherPlayground.WebUI", "CipherPlayground.WebUI\CipherPlayground.WebUI.csproj", "{0DCE42FA-EB3E-4E18-AAAC-7EC2735FB237}"
EndProject
Global
	GlobalSection(SolutionConfigurationPlatforms) = preSolution
		Debug|Any CPU = Debug|Any CPU
		Release|Any CPU = Release|Any CPU
	EndGlobalSection
	GlobalSection(ProjectConfigurationPlatforms) = postSolution
		{B1F07CF3-2405-4E16-88CA-8E8A0BB5D762}.Debug|Any CPU.ActiveCfg = Debug|Any CPU
		{B1F07CF3-2405-4E16-88CA-8E8A0BB5D762}.Debug|Any CPU.Build.0 = Debug|Any CPU
		{B1F07CF3-2405-4E16-88CA-8E8A0BB5D762}.Release|Any CPU.ActiveCfg = Release|Any CPU
		{B1F07CF3-2405-4E16-88CA-8E8A0BB5D762}.Release|Any CPU.Build.0 = Release|Any CPU
		{2C15D03B-92F7-48D3-8CDC-20F6F074F171}.Debug|Any CPU.ActiveCfg = Debug|Any CPU
		{2C15D03B-92F7-48D3-8CDC-20F6F074F171}.Debug|Any CPU.Build.0 = Debug|Any CPU
		{2C15D03B-92F7-48D3-8CDC-20F6F074F171}.Release|Any CPU.ActiveCfg = Release|Any CPU
		{2C15D03B-92F7-48D3-8CDC-20F6F074F171}.Release|Any CPU.Build.0 = Release|Any CPU
		{CB8CFFCB-A800-4F6B-957F-0EA3E5DD8BB8}.Debug|Any CPU.ActiveCfg = Debug|Any CPU
		{CB8CFFCB-A800-4F6B-957F-0EA3E5DD8BB8}.Debug|Any CPU.Build.0 = Debug|Any CPU
		{CB8CFFCB-A800-4F6B-957F-0EA3E5DD8BB8}.Release|Any CPU.ActiveCfg = Release|Any CPU
		{CB8CFFCB-A800-4F6B-957F-0EA3E5DD8BB8}.Release|Any CPU.Build.0 = Release|Any CPU
		{8CFB46D9-5F76-4D88-B826-F9256B7396A7}.Debug|Any CPU.ActiveCfg = Debug|Any CPU
		{8CFB46D9-5F76-4D88-B826-F9256B7396A7}.Release|Any CPU.ActiveCfg = Release|Any CPU
		{0DCE42FA-EB3E-4E18-AAAC-7EC2735FB237}.Debug|Any CPU.ActiveCfg = Debug|Any CPU
		{0DCE42FA-EB3E-4E18-AAAC-7EC2735FB237}.Debug|Any CPU.Build.0 = Debug|Any CPU
		{0DCE42FA-EB3E-4E18-AAAC-7EC2735FB237}.Release|Any CPU.ActiveCfg = Release|Any CPU
		{0DCE42FA-EB3E-4E18-AAAC-7EC2735FB237}.Release|Any CPU.Build.0 = Release|Any CPU
	EndGlobalSection
	GlobalSection(SolutionProperties) = preSolution
		HideSolutionNode = FALSE
	EndGlobalSection
	GlobalSection(ExtensibilityGlobals) = postSolution
		SolutionGuid = {77AA745C-B413-4F24-8F49-58158B9B429B}
	EndGlobalSection
EndGlobal
